
Microsoft Visual Studio Solution File, Format Version 12.00
# Visual Studio Version 16
VisualStudioVersion = 16.0.31424.327
MinimumVisualStudioVersion = 10.0.40219.1
Project("{FAE04EC0-301F-11D3-BF4B-00C04F79EFBC}") = "Projeto01", "Projeto01\Projeto01.csproj", "{CECE507E-3188-4AD1-9BDE-5D736D43BD63}"
EndProject
Global
	GlobalSection(SolutionConfigurationPlatforms) = preSolution
		Debug|Any CPU = Debug|Any CPU
		Release|Any CPU = Release|Any CPU
	EndGlobalSection
	GlobalSection(ProjectConfigurationPlatforms) = postSolution
		{CECE507E-3188-4AD1-9BDE-5D736D43BD63}.Debug|Any CPU.ActiveCfg = Debug|Any CPU
		{CECE507E-3188-4AD1-9BDE-5D736D43BD63}.Debug|Any CPU.Build.0 = Debug|Any CPU
		{CECE507E-3188-4AD1-9BDE-5D736D43BD63}.Release|Any CPU.ActiveCfg = Release|Any CPU
		{CECE507E-3188-4AD1-9BDE-5D736D43BD63}.Release|Any CPU.Build.0 = Release|Any CPU
	EndGlobalSection
	GlobalSection(SolutionProperties) = preSolution
		HideSolutionNode = FALSE
	EndGlobalSection
	GlobalSection(ExtensibilityGlobals) = postSolution
		SolutionGuid = {E9EE4754-2F1C-43E5-B5E8-5CB2B70B42F1}
	EndGlobalSection
EndGlobal
